
Microsoft Visual Studio Solution File, Format Version 12.00
# Visual Studio 14
VisualStudioVersion = 14.0.25420.1
MinimumVisualStudioVersion = 10.0.40219.1
Project("{FAE04EC0-301F-11D3-BF4B-00C04F79EFBC}") = "SportsStore.Domain", "SportsStore.Domain\SportsStore.Domain.csproj", "{60CAAB14-92F4-484B-8661-57F6414E54D7}"
EndProject
Project("{FAE04EC0-301F-11D3-BF4B-00C04F79EFBC}") = "SportsStore.UnitTests", "SportsStore.UnitTests\SportsStore.UnitTests.csproj", "{D7076E81-4CD4-4B0A-9CFC-508597036375}"
EndProject
Project("{FAE04EC0-301F-11D3-BF4B-00C04F79EFBC}") = "SportsStore.WebUI", "SportsStore.WebUI\SportsStore.WebUI.csproj", "{C2A23B51-F6B1-4AE5-92C1-DBD9A4FDF6FE}"
EndProject
Global
	GlobalSection(SolutionConfigurationPlatforms) = preSolution
		Debug|Any CPU = Debug|Any CPU
		Release|Any CPU = Release|Any CPU
	EndGlobalSection
	GlobalSection(ProjectConfigurationPlatforms) = postSolution
		{60CAAB14-92F4-484B-8661-57F6414E54D7}.Debug|Any CPU.ActiveCfg = Debug|Any CPU
		{60CAAB14-92F4-484B-8661-57F6414E54D7}.Debug|Any CPU.Build.0 = Debug|Any CPU
		{60CAAB14-92F4-484B-8661-57F6414E54D7}.Release|Any CPU.ActiveCfg = Release|Any CPU
		{60CAAB14-92F4-484B-8661-57F6414E54D7}.Release|Any CPU.Build.0 = Release|Any CPU
		{D7076E81-4CD4-4B0A-9CFC-508597036375}.Debug|Any CPU.ActiveCfg = Debug|Any CPU
		{D7076E81-4CD4-4B0A-9CFC-508597036375}.Debug|Any CPU.Build.0 = Debug|Any CPU
		{D7076E81-4CD4-4B0A-9CFC-508597036375}.Release|Any CPU.ActiveCfg = Release|Any CPU
		{D7076E81-4CD4-4B0A-9CFC-508597036375}.Release|Any CPU.Build.0 = Release|Any CPU
		{C2A23B51-F6B1-4AE5-92C1-DBD9A4FDF6FE}.Debug|Any CPU.ActiveCfg = Debug|Any CPU
		{C2A23B51-F6B1-4AE5-92C1-DBD9A4FDF6FE}.Debug|Any CPU.Build.0 = Debug|Any CPU
		{C2A23B51-F6B1-4AE5-92C1-DBD9A4FDF6FE}.Release|Any CPU.ActiveCfg = Release|Any CPU
		{C2A23B51-F6B1-4AE5-92C1-DBD9A4FDF6FE}.Release|Any CPU.Build.0 = Release|Any CPU
	EndGlobalSection
	GlobalSection(SolutionProperties) = preSolution
		HideSolutionNode = FALSE
	EndGlobalSection
EndGlobal
